// !$*UTF8*$!
{
	archiveVersion = 1;
	classes = {
	};
	objectVersion = 56;
	objects = {

/* Begin PBXBuildFile section */
		53A3055C29A29C2E00B3BDF3 /* main.m in Sources */ = {isa = PBXBuildFile; fileRef = 53A3055B29A29C2E00B3BDF3 /* main.m */; };
		53A3056429A29C4400B3BDF3 /* Fraction.m in Sources */ = {isa = PBXBuildFile; fileRef = 53A3056329A29C4400B3BDF3 /* Fraction.m */; };
		53A3056729A35B8300B3BDF3 /* ClassA.m in Sources */ = {isa = PBXBuildFile; fileRef = 53A3056629A35B8300B3BDF3 /* ClassA.m */; };
		53A3056A29A35D6900B3BDF3 /* Rectangle.m in Sources */ = {isa = PBXBuildFile; fileRef = 53A3056929A35D6900B3BDF3 /* Rectangle.m */; };
		53A3056D29A360A100B3BDF3 /* XYpoint.m in Sources */ = {isa = PBXBuildFile; fileRef = 53A3056C29A360A100B3BDF3 /* XYpoint.m */; };
		53A3057029A36B9D00B3BDF3 /* Complex.m in Sources */ = {isa = PBXBuildFile; fileRef = 53A3056F29A36B9D00B3BDF3 /* Complex.m */; };
/* End PBXBuildFile section */

/* Begin PBXCopyFilesBuildPhase section */
		53A3055629A29C2E00B3BDF3 /* CopyFiles */ = {
			isa = PBXCopyFilesBuildPhase;
			buildActionMask = 2147483647;
			dstPath = /usr/share/man/man1/;
			dstSubfolderSpec = 0;
			files = (
			);
			runOnlyForDeploymentPostprocessing = 1;
		};
/* End PBXCopyFilesBuildPhase section */

/* Begin PBXFileReference section */
		53A3055829A29C2E00B3BDF3 /* 练习 */ = {isa = PBXFileReference; explicitFileType = "compiled.mach-o.executable"; includeInIndex = 0; path = "练习"; sourceTree = BUILT_PRODUCTS_DIR; };
		53A3055B29A29C2E00B3BDF3 /* main.m */ = {isa = PBXFileReference; lastKnownFileType = sourcecode.c.objc; path = main.m; sourceTree = "<group>"; };
		53A3056229A29C4400B3BDF3 /* Fraction.h */ = {isa = PBXFileReference; lastKnownFileType = sourcecode.c.h; path = Fraction.h; sourceTree = "<group>"; };
		53A3056329A29C4400B3BDF3 /* Fraction.m */ = {isa = PBXFileReference; lastKnownFileType = sourcecode.c.objc; path = Fraction.m; sourceTree = "<group>"; };
		53A3056529A35B8300B3BDF3 /* ClassA.h */ = {isa = PBXFileReference; lastKnownFileType = sourcecode.c.h; path = ClassA.h; sourceTree = "<group>"; };
		53A3056629A35B8300B3BDF3 /* ClassA.m */ = {isa = PBXFileReference; lastKnownFileType = sourcecode.c.objc; path = ClassA.m; sourceTree = "<group>"; };
		53A3056829A35D6900B3BDF3 /* Rectangle.h */ = {isa = PBXFileReference; lastKnownFileType = sourcecode.c.h; path = Rectangle.h; sourceTree = "<group>"; };
		53A3056929A35D6900B3BDF3 /* Rectangle.m */ = {isa = PBXFileReference; lastKnownFileType = sourcecode.c.objc; path = Rectangle.m; sourceTree = "<group>"; };
		53A3056B29A360A100B3BDF3 /* XYpoint.h */ = {isa = PBXFileReference; lastKnownFileType = sourcecode.c.h; path = XYpoint.h; sourceTree = "<group>"; };
		53A3056C29A360A100B3BDF3 /* XYpoint.m */ = {isa = PBXFileReference; lastKnownFileType = sourcecode.c.objc; path = XYpoint.m; sourceTree = "<group>"; };
		53A3056E29A36B9D00B3BDF3 /* Complex.h */ = {isa = PBXFileReference; lastKnownFileType = sourcecode.c.h; path = Complex.h; sourceTree = "<group>"; };
		53A3056F29A36B9D00B3BDF3 /* Complex.m */ = {isa = PBXFileReference; lastKnownFileType = sourcecode.c.objc; path = Complex.m; sourceTree = "<group>"; };
/* End PBXFileReference section */

/* Begin PBXFrameworksBuildPhase section */
		53A3055529A29C2E00B3BDF3 /* Frameworks */ = {
			isa = PBXFrameworksBuildPhase;
			buildActionMask = 2147483647;
			files = (
			);
			runOnlyForDeploymentPostprocessing = 0;
		};
/* End PBXFrameworksBuildPhase section */

/* Begin PBXGroup section */
		53A3054F29A29C2E00B3BDF3 = {
			isa = PBXGroup;
			children = (
				53A3055A29A29C2E00B3BDF3 /* 练习 */,
				53A3055929A29C2E00B3BDF3 /* Products */,
			);
			sourceTree = "<group>";
		};
		53A3055929A29C2E00B3BDF3 /* Products */ = {
			isa = PBXGroup;
			children = (
				53A3055829A29C2E00B3BDF3 /* 练习 */,
			);
			name = Products;
			sourceTree = "<group>";
		};
		53A3055A29A29C2E00B3BDF3 /* 练习 */ = {
			isa = PBXGroup;
			children = (
				53A3055B29A29C2E00B3BDF3 /* main.m */,
				53A3056E29A36B9D00B3BDF3 /* Complex.h */,
				53A3056F29A36B9D00B3BDF3 /* Complex.m */,
				53A3056829A35D6900B3BDF3 /* Rectangle.h */,
				53A3056929A35D6900B3BDF3 /* Rectangle.m */,
				53A3056B29A360A100B3BDF3 /* XYpoint.h */,
				53A3056C29A360A100B3BDF3 /* XYpoint.m */,
				53A3056229A29C4400B3BDF3 /* Fraction.h */,
				53A3056329A29C4400B3BDF3 /* Fraction.m */,
				53A3056529A35B8300B3BDF3 /* ClassA.h */,
				53A3056629A35B8300B3BDF3 /* ClassA.m */,
			);
			path = "练习";
			sourceTree = "<group>";
		};
/* End PBXGroup section */

/* Begin PBXNativeTarget section */
		53A3055729A29C2E00B3BDF3 /* 练习 */ = {
			isa = PBXNativeTarget;
			buildConfigurationList = 53A3055F29A29C2E00B3BDF3 /* Build configuration list for PBXNativeTarget "练习" */;
			buildPhases = (
				53A3055429A29C2E00B3BDF3 /* Sources */,
				53A3055529A29C2E00B3BDF3 /* Frameworks */,
				53A3055629A29C2E00B3BDF3 /* CopyFiles */,
			);
			buildRules = (
			);
			dependencies = (
			);
			name = "练习";
			productName = "练习";
			productReference = 53A3055829A29C2E00B3BDF3 /* 练习 */;
			productType = "com.apple.product-type.tool";
		};
/* End PBXNativeTarget section */

/* Begin PBXProject section */
		53A3055029A29C2E00B3BDF3 /* Project object */ = {
			isa = PBXProject;
			attributes = {
				BuildIndependentTargetsInParallel = 1;
				LastUpgradeCheck = 1420;
				TargetAttributes = {
					53A3055729A29C2E00B3BDF3 = {
						CreatedOnToolsVersion = 14.2;
					};
				};
			};
			buildConfigurationList = 53A3055329A29C2E00B3BDF3 /* Build configuration list for PBXProject "练习" */;
			compatibilityVersion = "Xcode 14.0";
			developmentRegion = en;
			hasScannedForEncodings = 0;
			knownRegions = (
				en,
				Base,
			);
			mainGroup = 53A3054F29A29C2E00B3BDF3;
			productRefGroup = 53A3055929A29C2E00B3BDF3 /* Products */;
			projectDirPath = "";
			projectRoot = "";
			targets = (
				53A3055729A29C2E00B3BDF3 /* 练习 */,
			);
		};
/* End PBXProject section */

/* Begin PBXSourcesBuildPhase section */
		53A3055429A29C2E00B3BDF3 /* Sources */ = {
			isa = PBXSourcesBuildPhase;
			buildActionMask = 2147483647;
			files = (
				53A3055C29A29C2E00B3BDF3 /* main.m in Sources */,
				53A3056729A35B8300B3BDF3 /* ClassA.m in Sources */,
				53A3056429A29C4400B3BDF3 /* Fraction.m in Sources */,
				53A3056A29A35D6900B3BDF3 /* Rectangle.m in Sources */,
				53A3057029A36B9D00B3BDF3 /* Complex.m in Sources */,
				53A3056D29A360A100B3BDF3 /* XYpoint.m in Sources */,
			);
			runOnlyForDeploymentPostprocessing = 0;
		};
/* End PBXSourcesBuildPhase section */

/* Begin XCBuildConfiguration section */
		53A3055D29A29C2E00B3BDF3 /* Debug */ = {
			isa = XCBuildConfiguration;
			buildSettings = {
				ALWAYS_SEARCH_USER_PATHS = NO;
				CLANG_ANALYZER_NONNULL = YES;
				CLANG_ANALYZER_NUMBER_OBJECT_CONVERSION = YES_AGGRESSIVE;
				CLANG_CXX_LANGUAGE_STANDARD = "gnu++20";
				CLANG_ENABLE_MODULES = YES;
				CLANG_ENABLE_OBJC_ARC = YES;
				CLANG_ENABLE_OBJC_WEAK = YES;
				CLANG_WARN_BLOCK_CAPTURE_AUTORELEASING = YES;
				CLANG_WARN_BOOL_CONVERSION = YES;
				CLANG_WARN_COMMA = YES;
				CLANG_WARN_CONSTANT_CONVERSION = YES;
				CLANG_WARN_DEPRECATED_OBJC_IMPLEMENTATIONS = YES;
				CLANG_WARN_DIRECT_OBJC_ISA_USAGE = YES_ERROR;
				CLANG_WARN_DOCUMENTATION_COMMENTS = YES;
				CLANG_WARN_EMPTY_BODY = YES;
				CLANG_WARN_ENUM_CONVERSION = YES;
				CLANG_WARN_INFINITE_RECURSION = YES;
				CLANG_WARN_INT_CONVERSION = YES;
				CLANG_WARN_NON_LITERAL_NULL_CONVERSION = YES;
				CLANG_WARN_OBJC_IMPLICIT_RETAIN_SELF = YES;
				CLANG_WARN_OBJC_LITERAL_CONVERSION = YES;
				CLANG_WARN_OBJC_ROOT_CLASS = YES_ERROR;
				CLANG_WARN_QUOTED_INCLUDE_IN_FRAMEWORK_HEADER = YES;
				CLANG_WARN_RANGE_LOOP_ANALYSIS = YES;
				CLANG_WARN_STRICT_PROTOTYPES = YES;
				CLANG_WARN_SUSPICIOUS_MOVE = YES;
				CLANG_WARN_UNGUARDED_AVAILABILITY = YES_AGGRESSIVE;
				CLANG_WARN_UNREACHABLE_CODE = YES;
				CLANG_WARN__DUPLICATE_METHOD_MATCH = YES;
				COPY_PHASE_STRIP = NO;
				DEBUG_INFORMATION_FORMAT = dwarf;
				ENABLE_STRICT_OBJC_MSGSEND = YES;
				ENABLE_TESTABILITY = YES;
				GCC_C_LANGUAGE_STANDARD = gnu11;
				GCC_DYNAMIC_NO_PIC = NO;
				GCC_NO_COMMON_BLOCKS = YES;
				GCC_OPTIMIZATION_LEVEL = 0;
				GCC_PREPROCESSOR_DEFINITIONS = (
					"DEBUG=1",
					"$(inherited)",
				);
				GCC_WARN_64_TO_32_BIT_CONVERSION = YES;
				GCC_WARN_ABOUT_RETURN_TYPE = YES_ERROR;
				GCC_WARN_UNDECLARED_SELECTOR = YES;
				GCC_WARN_UNINITIALIZED_AUTOS = YES_AGGRESSIVE;
				GCC_WARN_UNUSED_FUNCTION = YES;
				GCC_WARN_UNUSED_VARIABLE = YES;
				MACOSX_DEPLOYMENT_TARGET = 13.1;
				MTL_ENABLE_DEBUG_INFO = INCLUDE_SOURCE;
				MTL_FAST_MATH = YES;
				ONLY_ACTIVE_ARCH = YES;
				SDKROOT = macosx;
			};
			name = Debug;
		};
		53A3055E29A29C2E00B3BDF3 /* Release */ = {
			isa = XCBuildConfiguration;
			buildSettings = {
				ALWAYS_SEARCH_USER_PATHS = NO;
				CLANG_ANALYZER_NONNULL = YES;
				CLANG_ANALYZER_NUMBER_OBJECT_CONVERSION = YES_AGGRESSIVE;
				CLANG_CXX_LANGUAGE_STANDARD = "gnu++20";
				CLANG_ENABLE_MODULES = YES;
				CLANG_ENABLE_OBJC_ARC = YES;
				CLANG_ENABLE_OBJC_WEAK = YES;
				CLANG_WARN_BLOCK_CAPTURE_AUTORELEASING = YES;
				CLANG_WARN_BOOL_CONVERSION = YES;
				CLANG_WARN_COMMA = YES;
				CLANG_WARN_CONSTANT_CONVERSION = YES;
				CLANG_WARN_DEPRECATED_OBJC_IMPLEMENTATIONS = YES;
				CLANG_WARN_DIRECT_OBJC_ISA_USAGE = YES_ERROR;
				CLANG_WARN_DOCUMENTATION_COMMENTS = YES;
				CLANG_WARN_EMPTY_BODY = YES;
				CLANG_WARN_ENUM_CONVERSION = YES;
				CLANG_WARN_INFINITE_RECURSION = YES;
				CLANG_WARN_INT_CONVERSION = YES;
				CLANG_WARN_NON_LITERAL_NULL_CONVERSION = YES;
				CLANG_WARN_OBJC_IMPLICIT_RETAIN_SELF = YES;
				CLANG_WARN_OBJC_LITERAL_CONVERSION = YES;
				CLANG_WARN_OBJC_ROOT_CLASS = YES_ERROR;
				CLANG_WARN_QUOTED_INCLUDE_IN_FRAMEWORK_HEADER = YES;
				CLANG_WARN_RANGE_LOOP_ANALYSIS = YES;
				CLANG_WARN_STRICT_PROTOTYPES = YES;
				CLANG_WARN_SUSPICIOUS_MOVE = YES;
				CLANG_WARN_UNGUARDED_AVAILABILITY = YES_AGGRESSIVE;
				CLANG_WARN_UNREACHABLE_CODE = YES;
				CLANG_WARN__DUPLICATE_METHOD_MATCH = YES;
				COPY_PHASE_STRIP = NO;
				DEBUG_INFORMATION_FORMAT = "dwarf-with-dsym";
				ENABLE_NS_ASSERTIONS = NO;
				ENABLE_STRICT_OBJC_MSGSEND = YES;
				GCC_C_LANGUAGE_STANDARD = gnu11;
				GCC_NO_COMMON_BLOCKS = YES;
				GCC_WARN_64_TO_32_BIT_CONVERSION = YES;
				GCC_WARN_ABOUT_RETURN_TYPE = YES_ERROR;
				GCC_WARN_UNDECLARED_SELECTOR = YES;
				GCC_WARN_UNINITIALIZED_AUTOS = YES_AGGRESSIVE;
				GCC_WARN_UNUSED_FUNCTION = YES;
				GCC_WARN_UNUSED_VARIABLE = YES;
				MACOSX_DEPLOYMENT_TARGET = 13.1;
				MTL_ENABLE_DEBUG_INFO = NO;
				MTL_FAST_MATH = YES;
				SDKROOT = macosx;
			};
			name = Release;
		};
		53A3056029A29C2E00B3BDF3 /* Debug */ = {
			isa = XCBuildConfiguration;
			buildSettings = {
				CODE_SIGN_STYLE = Automatic;
				DEVELOPMENT_TEAM = Q6MAB65JYN;
				ENABLE_HARDENED_RUNTIME = YES;
				PRODUCT_NAME = "$(TARGET_NAME)";
			};
			name = Debug;
		};
		53A3056129A29C2E00B3BDF3 /* Release */ = {
			isa = XCBuildConfiguration;
			buildSettings = {
				CODE_SIGN_STYLE = Automatic;
				DEVELOPMENT_TEAM = Q6MAB65JYN;
				ENABLE_HARDENED_RUNTIME = YES;
				PRODUCT_NAME = "$(TARGET_NAME)";
			};
			name = Release;
		};
/* End XCBuildConfiguration section */

/* Begin XCConfigurationList section */
		53A3055329A29C2E00B3BDF3 /* Build configuration list for PBXProject "练习" */ = {
			isa = XCConfigurationList;
			buildConfigurations = (
				53A3055D29A29C2E00B3BDF3 /* Debug */,
				53A3055E29A29C2E00B3BDF3 /* Release */,
			);
			defaultConfigurationIsVisible = 0;
			defaultConfigurationName = Release;
		};
		53A3055F29A29C2E00B3BDF3 /* Build configuration list for PBXNativeTarget "练习" */ = {
			isa = XCConfigurationList;
			buildConfigurations = (
				53A3056029A29C2E00B3BDF3 /* Debug */,
				53A3056129A29C2E00B3BDF3 /* Release */,
			);
			defaultConfigurationIsVisible = 0;
			defaultConfigurationName = Release;
		};
/* End XCConfigurationList section */
	};
	rootObject = 53A3055029A29C2E00B3BDF3 /* Project object */;
}
